dependencies:
  espressif/esp-idf-cxx:
    component_hash: 2fa63e4e725f0c2d3dd6d99da8a91d404b4b49667088b1be0f336eb9c13ff17f
    source:
      service_url: https://api.components.espressif.com/
      type: service
    version: 1.0.2-beta
  espressif/qrcode:
    component_hash: 3b493771bc5d6ad30cbf87c25bf784aada8a08c941504355b55d6b75518ed7bc
    source:
      service_url: https://api.components.espressif.com/
      type: service
    version: 0.1.0~2
  idf:
    component_hash: null
    source:
      type: idf
    version: 5.2.1
manifest_hash: 0fb12bb86c8921e1ada5d9a73d3ce68fabfd80a786f7acd8e763e04425a26f8c
target: esp32c3
version: 1.0.0
